
Microsoft Visual Studio Solution File, Format Version 12.00
# Visual Studio 15
VisualStudioVersion = 15.0.27428.2037
MinimumVisualStudioVersion = 10.0.40219.1
Project("{FAE04EC0-301F-11D3-BF4B-00C04F79EFBC}") = "Course_Project", "Course_Project\Course_Project.csproj", "{526CE281-16A6-48EC-953A-AE734007BDD7}"
EndProject
Global
	GlobalSection(SolutionConfigurationPlatforms) = preSolution
		Debug|Any CPU = Debug|Any CPU
		Release|Any CPU = Release|Any CPU
	EndGlobalSection
	GlobalSection(ProjectConfigurationPlatforms) = postSolution
		{526CE281-16A6-48EC-953A-AE734007BDD7}.Debug|Any CPU.ActiveCfg = Debug|Any CPU
		{526CE281-16A6-48EC-953A-AE734007BDD7}.Debug|Any CPU.Build.0 = Debug|Any CPU
		{526CE281-16A6-48EC-953A-AE734007BDD7}.Release|Any CPU.ActiveCfg = Release|Any CPU
		{526CE281-16A6-48EC-953A-AE734007BDD7}.Release|Any CPU.Build.0 = Release|Any CPU
	EndGlobalSection
	GlobalSection(SolutionProperties) = preSolution
		HideSolutionNode = FALSE
	EndGlobalSection
	GlobalSection(ExtensibilityGlobals) = postSolution
		SolutionGuid = {81D8C89E-938D-4744-AD75-B8D4F81BF631}
	EndGlobalSection
EndGlobal
